
Microsoft Visual Studio Solution File, Format Version 12.00
# Visual Studio Version 16
VisualStudioVersion = 16.0.31624.102
MinimumVisualStudioVersion = 10.0.40219.1
Project("{FAE04EC0-301F-11D3-BF4B-00C04F79EFBC}") = "WebGridControl", "WebGridControl\WebGridControl.csproj", "{082F8C80-6088-4B89-81C0-25F09676011E}"
EndProject
Global
	GlobalSection(SolutionConfigurationPlatforms) = preSolution
		Debug|Any CPU = Debug|Any CPU
		Release|Any CPU = Release|Any CPU
	EndGlobalSection
	GlobalSection(ProjectConfigurationPlatforms) = postSolution
		{082F8C80-6088-4B89-81C0-25F09676011E}.Debug|Any CPU.ActiveCfg = Debug|Any CPU
		{082F8C80-6088-4B89-81C0-25F09676011E}.Debug|Any CPU.Build.0 = Debug|Any CPU
		{082F8C80-6088-4B89-81C0-25F09676011E}.Release|Any CPU.ActiveCfg = Release|Any CPU
		{082F8C80-6088-4B89-81C0-25F09676011E}.Release|Any CPU.Build.0 = Release|Any CPU
	EndGlobalSection
	GlobalSection(SolutionProperties) = preSolution
		HideSolutionNode = FALSE
	EndGlobalSection
	GlobalSection(ExtensibilityGlobals) = postSolution
		SolutionGuid = {49D12EAF-5F8C-4B04-A18F-314BD873B47E}
	EndGlobalSection
EndGlobal
